
Microsoft Visual Studio Solution File, Format Version 12.00
# Visual Studio Version 17
VisualStudioVersion = 17.11.35219.272
MinimumVisualStudioVersion = 10.0.40219.1
Project("{9A19103F-16F7-4668-BE54-9A1E7A4F7556}") = "DogGrooming.WebApi", "DogGrooming.WebApi.csproj", "{3DCCE67A-61B6-4378-B13D-978F6F078C4E}"
	ProjectSection(ProjectDependencies) = postProject
		{2D63AB67-DAC4-4C30-8FA0-6C7DF3BAFE6A} = {2D63AB67-DAC4-4C30-8FA0-6C7DF3BAFE6A}
		{6CEDD605-AB41-4AF7-AB0A-AA927D57DA57} = {6CEDD605-AB41-4AF7-AB0A-AA927D57DA57}
	EndProjectSection
EndProject
Project("{9A19103F-16F7-4668-BE54-9A1E7A4F7556}") = "DogGrooming.Models", "..\DogGrooming.Models\DogGrooming.Models.csproj", "{2D63AB67-DAC4-4C30-8FA0-6C7DF3BAFE6A}"
EndProject
Project("{9A19103F-16F7-4668-BE54-9A1E7A4F7556}") = "DogGrooming.DAL", "..\DogGrooming.DAL\DogGrooming.DAL.csproj", "{6CEDD605-AB41-4AF7-AB0A-AA927D57DA57}"
	ProjectSection(ProjectDependencies) = postProject
		{2D63AB67-DAC4-4C30-8FA0-6C7DF3BAFE6A} = {2D63AB67-DAC4-4C30-8FA0-6C7DF3BAFE6A}
	EndProjectSection
EndProject
Global
	GlobalSection(SolutionConfigurationPlatforms) = preSolution
		Debug|Any CPU = Debug|Any CPU
		Release|Any CPU = Release|Any CPU
	EndGlobalSection
	GlobalSection(ProjectConfigurationPlatforms) = postSolution
		{3DCCE67A-61B6-4378-B13D-978F6F078C4E}.Debug|Any CPU.ActiveCfg = Debug|Any CPU
		{3DCCE67A-61B6-4378-B13D-978F6F078C4E}.Debug|Any CPU.Build.0 = Debug|Any CPU
		{3DCCE67A-61B6-4378-B13D-978F6F078C4E}.Release|Any CPU.ActiveCfg = Release|Any CPU
		{3DCCE67A-61B6-4378-B13D-978F6F078C4E}.Release|Any CPU.Build.0 = Release|Any CPU
		{2D63AB67-DAC4-4C30-8FA0-6C7DF3BAFE6A}.Debug|Any CPU.ActiveCfg = Debug|Any CPU
		{2D63AB67-DAC4-4C30-8FA0-6C7DF3BAFE6A}.Debug|Any CPU.Build.0 = Debug|Any CPU
		{2D63AB67-DAC4-4C30-8FA0-6C7DF3BAFE6A}.Release|Any CPU.ActiveCfg = Release|Any CPU
		{2D63AB67-DAC4-4C30-8FA0-6C7DF3BAFE6A}.Release|Any CPU.Build.0 = Release|Any CPU
		{6CEDD605-AB41-4AF7-AB0A-AA927D57DA57}.Debug|Any CPU.ActiveCfg = Debug|Any CPU
		{6CEDD605-AB41-4AF7-AB0A-AA927D57DA57}.Debug|Any CPU.Build.0 = Debug|Any CPU
		{6CEDD605-AB41-4AF7-AB0A-AA927D57DA57}.Release|Any CPU.ActiveCfg = Release|Any CPU
		{6CEDD605-AB41-4AF7-AB0A-AA927D57DA57}.Release|Any CPU.Build.0 = Release|Any CPU
	EndGlobalSection
	GlobalSection(SolutionProperties) = preSolution
		HideSolutionNode = FALSE
	EndGlobalSection
	GlobalSection(ExtensibilityGlobals) = postSolution
		SolutionGuid = {6356C528-8E8B-435D-9407-5D33860855CA}
	EndGlobalSection
EndGlobal
